
Microsoft Visual Studio Solution File, Format Version 12.00
# Visual Studio Version 16
VisualStudioVersion = 16.0.29318.209
MinimumVisualStudioVersion = 10.0.40219.1
Project("{9A19103F-16F7-4668-BE54-9A1E7A4F7556}") = "DataPlus.Bar", "DataPlus.Bar\DataPlus.Bar.csproj", "{5668A70E-716F-44CA-A530-84ACB4FBEFEC}"
EndProject
Project("{9A19103F-16F7-4668-BE54-9A1E7A4F7556}") = "DataPlus.Bar.Contracts", "DataPlus.Bar.Contracts\DataPlus.Bar.Contracts.csproj", "{839B528E-E503-4EEB-B618-F31094ADF130}"
EndProject
Project("{9A19103F-16F7-4668-BE54-9A1E7A4F7556}") = "DataPlus.Bar.Entities", "DataPlus.Bar.Entities\DataPlus.Bar.Entities.csproj", "{5C4ED287-53A5-4D8F-AAB5-FF9BE44E513A}"
EndProject
Project("{9A19103F-16F7-4668-BE54-9A1E7A4F7556}") = "DataPlus.Bar.Repository", "DataPlus.Bar.Repository\DataPlus.Bar.Repository.csproj", "{F1243FC9-76B9-495B-9C96-D64A56F54E7A}"
EndProject
Project("{9A19103F-16F7-4668-BE54-9A1E7A4F7556}") = "DataPlus.Bar.Services", "DataPlus.Bar.Services\DataPlus.Bar.Services.csproj", "{B22F3526-EDEF-4014-9EAC-80F34467743E}"
EndProject
Global
	GlobalSection(SolutionConfigurationPlatforms) = preSolution
		Debug|Any CPU = Debug|Any CPU
		Release|Any CPU = Release|Any CPU
	EndGlobalSection
	GlobalSection(ProjectConfigurationPlatforms) = postSolution
		{5668A70E-716F-44CA-A530-84ACB4FBEFEC}.Debug|Any CPU.ActiveCfg = Debug|Any CPU
		{5668A70E-716F-44CA-A530-84ACB4FBEFEC}.Debug|Any CPU.Build.0 = Debug|Any CPU
		{5668A70E-716F-44CA-A530-84ACB4FBEFEC}.Release|Any CPU.ActiveCfg = Release|Any CPU
		{5668A70E-716F-44CA-A530-84ACB4FBEFEC}.Release|Any CPU.Build.0 = Release|Any CPU
		{839B528E-E503-4EEB-B618-F31094ADF130}.Debug|Any CPU.ActiveCfg = Debug|Any CPU
		{839B528E-E503-4EEB-B618-F31094ADF130}.Debug|Any CPU.Build.0 = Debug|Any CPU
		{839B528E-E503-4EEB-B618-F31094ADF130}.Release|Any CPU.ActiveCfg = Release|Any CPU
		{839B528E-E503-4EEB-B618-F31094ADF130}.Release|Any CPU.Build.0 = Release|Any CPU
		{5C4ED287-53A5-4D8F-AAB5-FF9BE44E513A}.Debug|Any CPU.ActiveCfg = Debug|Any CPU
		{5C4ED287-53A5-4D8F-AAB5-FF9BE44E513A}.Debug|Any CPU.Build.0 = Debug|Any CPU
		{5C4ED287-53A5-4D8F-AAB5-FF9BE44E513A}.Release|Any CPU.ActiveCfg = Release|Any CPU
		{5C4ED287-53A5-4D8F-AAB5-FF9BE44E513A}.Release|Any CPU.Build.0 = Release|Any CPU
		{F1243FC9-76B9-495B-9C96-D64A56F54E7A}.Debug|Any CPU.ActiveCfg = Debug|Any CPU
		{F1243FC9-76B9-495B-9C96-D64A56F54E7A}.Debug|Any CPU.Build.0 = Debug|Any CPU
		{F1243FC9-76B9-495B-9C96-D64A56F54E7A}.Release|Any CPU.ActiveCfg = Release|Any CPU
		{F1243FC9-76B9-495B-9C96-D64A56F54E7A}.Release|Any CPU.Build.0 = Release|Any CPU
		{B22F3526-EDEF-4014-9EAC-80F34467743E}.Debug|Any CPU.ActiveCfg = Debug|Any CPU
		{B22F3526-EDEF-4014-9EAC-80F34467743E}.Debug|Any CPU.Build.0 = Debug|Any CPU
		{B22F3526-EDEF-4014-9EAC-80F34467743E}.Release|Any CPU.ActiveCfg = Release|Any CPU
		{B22F3526-EDEF-4014-9EAC-80F34467743E}.Release|Any CPU.Build.0 = Release|Any CPU
	EndGlobalSection
	GlobalSection(SolutionProperties) = preSolution
		HideSolutionNode = FALSE
	EndGlobalSection
	GlobalSection(ExtensibilityGlobals) = postSolution
		SolutionGuid = {ED8B4992-D393-4395-B180-9DD0B5ABBCCC}
	EndGlobalSection
EndGlobal
